# This file was autogenerated by Stack.
# You should not edit this file by hand.
# For more information, please see the documentation at:
#   https://docs.haskellstack.org/en/stable/lock_files

packages:
- completed:
    hackage: ghc-events-0.12.0@sha256:c5d56c99d1238abcb832d6c866118544fe22706a8f11fb04be66133d6ea83f0e,5305
    pantry-tree:
      size: 3955
      sha256: cfe7dd1657de68a159d0bafffe499f86c366c46610fa042673cd7867c274a268
  original:
    hackage: ghc-events-0.12.0
snapshots:
- completed:
    size: 491163
    url: https://raw.githubusercontent.com/commercialhaskell/stackage-snapshots/master/lts/15/4.yaml
    sha256: bc60043a06b58902b533baa80fb566c0ec495c41e428bc0f8c1e8c15b2a4c468
  original: lts-15.4
